
Microsoft Visual Studio Solution File, Format Version 12.00
# Visual Studio 15
VisualStudioVersion = 15.0.28307.168
MinimumVisualStudioVersion = 10.0.40219.1
Project("{FAE04EC0-301F-11D3-BF4B-00C04F79EFBC}") = "ADLSDownload", "ADLSDownload\ADLSDownload.csproj", "{7DCE937C-B1DB-4AC9-876F-4BC22D6160CD}"
EndProject
Global
	GlobalSection(SolutionConfigurationPlatforms) = preSolution
		Debug|Any CPU = Debug|Any CPU
		Release|Any CPU = Release|Any CPU
	EndGlobalSection
	GlobalSection(ProjectConfigurationPlatforms) = postSolution
		{7DCE937C-B1DB-4AC9-876F-4BC22D6160CD}.Debug|Any CPU.ActiveCfg = Debug|Any CPU
		{7DCE937C-B1DB-4AC9-876F-4BC22D6160CD}.Debug|Any CPU.Build.0 = Debug|Any CPU
		{7DCE937C-B1DB-4AC9-876F-4BC22D6160CD}.Release|Any CPU.ActiveCfg = Release|Any CPU
		{7DCE937C-B1DB-4AC9-876F-4BC22D6160CD}.Release|Any CPU.Build.0 = Release|Any CPU
	EndGlobalSection
	GlobalSection(SolutionProperties) = preSolution
		HideSolutionNode = FALSE
	EndGlobalSection
	GlobalSection(ExtensibilityGlobals) = postSolution
		SolutionGuid = {1CB41D33-1704-4704-8974-0D4FE113427A}
	EndGlobalSection
EndGlobal
